{
  "nodes": {
    "nixpkgs": {
      "locked": {
        "lastModified": 1788686502,
        "narHash": "sha256-C5ETRqK0ji2SGGVpjdsAIv+Yd6m4vB6DOiGPQXP/M34=",
        "owner": "NixOS",
        "repo": "nixpkgs",
        "rev": "94a0f8d9ca5da101ec1cddbdfecfdc1ae1766d04",
        "type": "github"
      },
      "original": {
        "owner": "NixOS",
        "ref": "nixpkgs-unstable",
        "repo": "nixpkgs",
        "type": "github"
      }
    },
    "rift-src": {
      "flake": false,
      "locked": {
        "lastModified": 1788726235,
        "narHash": "sha256-t78pUvFkQoJBqtKBfndUsaXgz7e3hsB0wBYWnHEIzOs=",
        "owner": "acsandmann",
        "repo": "rift",
        "rev": "a3e6bfb76938210ff1c22964184832c4dbf3fc93",
        "type": "github"
      },
      "original": {
        "owner": "acsandmann",
        "ref": "v0.5.6",
        "repo": "rift",
        "type": "github"
      }
    },
    "rift-src-unstable": {
      "flake": false,
      "locked": {
        "lastModified": 1788816001,
        "narHash": "sha256-YiT57sJ6SA3kaoKGtQC3at58lTq9G8LHkUbs71EqaYo=",
        "owner": "acsandmann",
        "repo": "rift",
        "rev": "83830a72fde07879fa5f8ce2c1703c8608122a4e",
        "type": "github"
      },
      "original": {
        "owner": "acsandmann",
        "repo": "rift",
        "type": "github"
      }
    },
    "root": {
      "inputs": {
        "nixpkgs": "nixpkgs",
        "rift-src": "rift-src",
        "rift-src-unstable": "rift-src-unstable"
      }
    }
  },
  "root": "root",
  "version": 7
}
