{
  "nodes": {
    "nixpkgs": {
      "locked": {
        "lastModified": 1790769526,
        "narHash": "sha256-5AIVFLRcx8YAwbFTVPTs7YhwJH7JyHfAQsvXmpovcXI=",
        "owner": "NixOS",
        "repo": "nixpkgs",
        "rev": "c9fe7d12cd78d1adcd12dd15e24432dde5b155a0",
        "type": "github"
      },
      "original": {
        "owner": "NixOS",
        "ref": "nixpkgs-unstable",
        "repo": "nixpkgs",
        "type": "github"
      }
    },
    "rift-src": {
      "flake": false,
      "locked": {
        "lastModified": 1790985804,
        "narHash": "sha256-zvypEnCl9bsVf5EdoCbjHCmESwsek56kS4ESBS3sFXU=",
        "owner": "acsandmann",
        "repo": "rift",
        "rev": "41f1c051f21f4bb69b3faf506c5bdc8f92100f62",
        "type": "github"
      },
      "original": {
        "owner": "acsandmann",
        "ref": "v0.6.4",
        "repo": "rift",
        "type": "github"
      }
    },
    "rift-src-unstable": {
      "flake": false,
      "locked": {
        "lastModified": 1790985804,
        "narHash": "sha256-zvypEnCl9bsVf5EdoCbjHCmESwsek56kS4ESBS3sFXU=",
        "owner": "acsandmann",
        "repo": "rift",
        "rev": "41f1c051f21f4bb69b3faf506c5bdc8f92100f62",
        "type": "github"
      },
      "original": {
        "owner": "acsandmann",
        "repo": "rift",
        "type": "github"
      }
    },
    "root": {
      "inputs": {
        "nixpkgs": "nixpkgs",
        "rift-src": "rift-src",
        "rift-src-unstable": "rift-src-unstable"
      }
    }
  },
  "root": "root",
  "version": 7
}
