{
  "nodes": {
    "nixpkgs": {
      "locked": {
        "lastModified": 1789370336,
        "narHash": "sha256-6RSEDHIWQtesQKWSu5qRai8L2h4KgCgMEfJHstW99G4=",
        "owner": "NixOS",
        "repo": "nixpkgs",
        "rev": "c7def046b9a883d46974757852106483d741586f",
        "type": "github"
      },
      "original": {
        "owner": "NixOS",
        "ref": "nixpkgs-unstable",
        "repo": "nixpkgs",
        "type": "github"
      }
    },
    "rift-src": {
      "flake": false,
      "locked": {
        "lastModified": 1789566125,
        "narHash": "sha256-tc0qf1xa9mK122DzC0amJuqL4TlB2YV1L5OyHz9tXzw=",
        "owner": "acsandmann",
        "repo": "rift",
        "rev": "1444fa03694ee53709a07819868360d6707d3add",
        "type": "github"
      },
      "original": {
        "owner": "acsandmann",
        "ref": "v0.5.9",
        "repo": "rift",
        "type": "github"
      }
    },
    "rift-src-unstable": {
      "flake": false,
      "locked": {
        "lastModified": 1789598006,
        "narHash": "sha256-QCQXYSnK2xidWZv0feiWoToD3EVG9Nq+KuDGG0B8hM8=",
        "owner": "acsandmann",
        "repo": "rift",
        "rev": "b48fde1924b0ea4417b3b2896135a7cf24c585eb",
        "type": "github"
      },
      "original": {
        "owner": "acsandmann",
        "repo": "rift",
        "type": "github"
      }
    },
    "root": {
      "inputs": {
        "nixpkgs": "nixpkgs",
        "rift-src": "rift-src",
        "rift-src-unstable": "rift-src-unstable"
      }
    }
  },
  "root": "root",
  "version": 7
}
